
Microsoft Visual Studio Solution File, Format Version 12.00
# Visual Studio Version 16
VisualStudioVersion = 16.0.30413.136
MinimumVisualStudioVersion = 10.0.40219.1
Project("{8BC9CEB8-8B4A-11D0-8D11-00A0C91BC942}") = "Tarea1_Ejercicio1", "Tarea1_Ejercicio1.vcxproj", "{04E7EC43-A784-4BEA-A0B0-971ADCB4B023}"
EndProject
Global
	GlobalSection(SolutionConfigurationPlatforms) = preSolution
		Debug|x64 = Debug|x64
		Debug|x86 = Debug|x86
		Release|x64 = Release|x64
		Release|x86 = Release|x86
	EndGlobalSection
	GlobalSection(ProjectConfigurationPlatforms) = postSolution
		{04E7EC43-A784-4BEA-A0B0-971ADCB4B023}.Debug|x64.ActiveCfg = Debug|x64
		{04E7EC43-A784-4BEA-A0B0-971ADCB4B023}.Debug|x64.Build.0 = Debug|x64
		{04E7EC43-A784-4BEA-A0B0-971ADCB4B023}.Debug|x86.ActiveCfg = Debug|Win32
		{04E7EC43-A784-4BEA-A0B0-971ADCB4B023}.Debug|x86.Build.0 = Debug|Win32
		{04E7EC43-A784-4BEA-A0B0-971ADCB4B023}.Release|x64.ActiveCfg = Release|x64
		{04E7EC43-A784-4BEA-A0B0-971ADCB4B023}.Release|x64.Build.0 = Release|x64
		{04E7EC43-A784-4BEA-A0B0-971ADCB4B023}.Release|x86.ActiveCfg = Release|Win32
		{04E7EC43-A784-4BEA-A0B0-971ADCB4B023}.Release|x86.Build.0 = Release|Win32
	EndGlobalSection
	GlobalSection(SolutionProperties) = preSolution
		HideSolutionNode = FALSE
	EndGlobalSection
	GlobalSection(ExtensibilityGlobals) = postSolution
		SolutionGuid = {3BF01136-27B4-44DD-9EF2-CCF088ED40BB}
	EndGlobalSection
EndGlobal
